// !$*UTF8*$!
{
	archiveVersion = 1;
	classes = {
	};
	objectVersion = 50;
	objects = {

/* Begin PBXBuildFile section */
		057CAEB526D0F2D300196C39 /* AppDelegate.swift in Sources */ = {isa = PBXBuildFile; fileRef = 057CAEB426D0F2D300196C39 /* AppDelegate.swift */; };
		057CAEB726D0F2D300196C39 /* SceneDelegate.swift in Sources */ = {isa = PBXBuildFile; fileRef = 057CAEB626D0F2D300196C39 /* SceneDelegate.swift */; };
		057CAEB926D0F2D300196C39 /* ViewController.swift in Sources */ = {isa = PBXBuildFile; fileRef = 057CAEB826D0F2D300196C39 /* ViewController.swift */; };
		057CAEBC26D0F2D300196C39 /* Main.storyboard in Resources */ = {isa = PBXBuildFile; fileRef = 057CAEBA26D0F2D300196C39 /* Main.storyboard */; };
		057CAEBE26D0F2D500196C39 /* Assets.xcassets in Resources */ = {isa = PBXBuildFile; fileRef = 057CAEBD26D0F2D500196C39 /* Assets.xcassets */; };
		057CAEC126D0F2D500196C39 /* LaunchScreen.storyboard in Resources */ = {isa = PBXBuildFile; fileRef = 057CAEBF26D0F2D500196C39 /* LaunchScreen.storyboard */; };
/* End PBXBuildFile section */

/* Begin PBXFileReference section */
		057CAEB126D0F2D300196C39 /* Cong2so.app */ = {isa = PBXFileReference; explicitFileType = wrapper.application; includeInIndex = 0; path = Cong2so.app; sourceTree = BUILT_PRODUCTS_DIR; };
		057CAEB426D0F2D300196C39 /* AppDelegate.swift */ = {isa = PBXFileReference; lastKnownFileType = sourcecode.swift; path = AppDelegate.swift; sourceTree = "<group>"; };
		057CAEB626D0F2D300196C39 /* SceneDelegate.swift */ = {isa = PBXFileReference; lastKnownFileType = sourcecode.swift; path = SceneDelegate.swift; sourceTree = "<group>"; };
		057CAEB826D0F2D300196C39 /* ViewController.swift */ = {isa = PBXFileReference; lastKnownFileType = sourcecode.swift; path = ViewController.swift; sourceTree = "<group>"; };
		057CAEBB26D0F2D300196C39 /* Base */ = {isa = PBXFileReference; lastKnownFileType = file.storyboard; name = Base; path = Base.lproj/Main.storyboard; sourceTree = "<group>"; };
		057CAEBD26D0F2D500196C39 /* Assets.xcassets */ = {isa = PBXFileReference; lastKnownFileType = folder.assetcatalog; path = Assets.xcassets; sourceTree = "<group>"; };
		057CAEC026D0F2D500196C39 /* Base */ = {isa = PBXFileReference; lastKnownFileType = file.storyboard; name = Base; path = Base.lproj/LaunchScreen.storyboard; sourceTree = "<group>"; };
		057CAEC226D0F2D500196C39 /* Info.plist */ = {isa = PBXFileReference; lastKnownFileType = text.plist.xml; path = Info.plist; sourceTree = "<group>"; };
/* End PBXFileReference section */

/* Begin PBXFrameworksBuildPhase section */
		057CAEAE26D0F2D300196C39 /* Frameworks */ = {
			isa = PBXFrameworksBuildPhase;
			buildActionMask = 2147483647;
			files = (
			);
			runOnlyForDeploymentPostprocessing = 0;
		};
/* End PBXFrameworksBuildPhase section */

/* Begin PBXGroup section */
		057CAEA826D0F2D300196C39 = {
			isa = PBXGroup;
			children = (
				057CAEB326D0F2D300196C39 /* Cong2so */,
				057CAEB226D0F2D300196C39 /* Products */,
			);
			sourceTree = "<group>";
		};
		057CAEB226D0F2D300196C39 /* Products */ = {
			isa = PBXGroup;
			children = (
				057CAEB126D0F2D300196C39 /* Cong2so.app */,
			);
			name = Products;
			sourceTree = "<group>";
		};
		057CAEB326D0F2D300196C39 /* Cong2so */ = {
			isa = PBXGroup;
			children = (
				057CAEB426D0F2D300196C39 /* AppDelegate.swift */,
				057CAEB626D0F2D300196C39 /* SceneDelegate.swift */,
				057CAEB826D0F2D300196C39 /* ViewController.swift */,
				057CAEBA26D0F2D300196C39 /* Main.storyboard */,
				057CAEBD26D0F2D500196C39 /* Assets.xcassets */,
				057CAEBF26D0F2D500196C39 /* LaunchScreen.storyboard */,
				057CAEC226D0F2D500196C39 /* Info.plist */,
			);
			path = Cong2so;
			sourceTree = "<group>";
		};
/* End PBXGroup section */

/* Begin PBXNativeTarget section */
		057CAEB026D0F2D300196C39 /* Cong2so */ = {
			isa = PBXNativeTarget;
			buildConfigurationList = 057CAEC526D0F2D500196C39 /* Build configuration list for PBXNativeTarget "Cong2so" */;
			buildPhases = (
				057CAEAD26D0F2D300196C39 /* Sources */,
				057CAEAE26D0F2D300196C39 /* Frameworks */,
				057CAEAF26D0F2D300196C39 /* Resources */,
			);
			buildRules = (
			);
			dependencies = (
			);
			name = Cong2so;
			productName = Cong2so;
			productReference = 057CAEB126D0F2D300196C39 /* Cong2so.app */;
			productType = "com.apple.product-type.application";
		};
/* End PBXNativeTarget section */

/* Begin PBXProject section */
		057CAEA926D0F2D300196C39 /* Project object */ = {
			isa = PBXProject;
			attributes = {
				LastSwiftUpdateCheck = 1250;
				LastUpgradeCheck = 1250;
				TargetAttributes = {
					057CAEB026D0F2D300196C39 = {
						CreatedOnToolsVersion = 12.5.1;
					};
				};
			};
			buildConfigurationList = 057CAEAC26D0F2D300196C39 /* Build configuration list for PBXProject "Cong2so" */;
			compatibilityVersion = "Xcode 9.3";
			developmentRegion = en;
			hasScannedForEncodings = 0;
			knownRegions = (
				en,
				Base,
			);
			mainGroup = 057CAEA826D0F2D300196C39;
			productRefGroup = 057CAEB226D0F2D300196C39 /* Products */;
			projectDirPath = "";
			projectRoot = "";
			targets = (
				057CAEB026D0F2D300196C39 /* Cong2so */,
			);
		};
/* End PBXProject section */

/* Begin PBXResourcesBuildPhase section */
		057CAEAF26D0F2D300196C39 /* Resources */ = {
			isa = PBXResourcesBuildPhase;
			buildActionMask = 2147483647;
			files = (
				057CAEC126D0F2D500196C39 /* LaunchScreen.storyboard in Resources */,
				057CAEBE26D0F2D500196C39 /* Assets.xcassets in Resources */,
				057CAEBC26D0F2D300196C39 /* Main.storyboard in Resources */,
			);
			runOnlyForDeploymentPostprocessing = 0;
		};
/* End PBXResourcesBuildPhase section */

/* Begin PBXSourcesBuildPhase section */
		057CAEAD26D0F2D300196C39 /* Sources */ = {
			isa = PBXSourcesBuildPhase;
			buildActionMask = 2147483647;
			files = (
				057CAEB926D0F2D300196C39 /* ViewController.swift in Sources */,
				057CAEB526D0F2D300196C39 /* AppDelegate.swift in Sources */,
				057CAEB726D0F2D300196C39 /* SceneDelegate.swift in Sources */,
			);
			runOnlyForDeploymentPostprocessing = 0;
		};
/* End PBXSourcesBuildPhase section */

/* Begin PBXVariantGroup section */
		057CAEBA26D0F2D300196C39 /* Main.storyboard */ = {
			isa = PBXVariantGroup;
			children = (
				057CAEBB26D0F2D300196C39 /* Base */,
			);
			name = Main.storyboard;
			sourceTree = "<group>";
		};
		057CAEBF26D0F2D500196C39 /* LaunchScreen.storyboard */ = {
			isa = PBXVariantGroup;
			children = (
				057CAEC026D0F2D500196C39 /* Base */,
			);
			name = LaunchScreen.storyboard;
			sourceTree = "<group>";
		};
/* End PBXVariantGroup section */

/* Begin XCBuildConfiguration section */
		057CAEC326D0F2D500196C39 /* Debug */ = {
			isa = XCBuildConfiguration;
			buildSettings = {
				ALWAYS_SEARCH_USER_PATHS = NO;
				CLANG_ANALYZER_NONNULL = YES;
				CLANG_ANALYZER_NUMBER_OBJECT_CONVERSION = YES_AGGRESSIVE;
				CLANG_CXX_LANGUAGE_STANDARD = "gnu++14";
				CLANG_CXX_LIBRARY = "libc++";
				CLANG_ENABLE_MODULES = YES;
				CLANG_ENABLE_OBJC_ARC = YES;
				CLANG_ENABLE_OBJC_WEAK = YES;
				CLANG_WARN_BLOCK_CAPTURE_AUTORELEASING = YES;
				CLANG_WARN_BOOL_CONVERSION = YES;
				CLANG_WARN_COMMA = YES;
				CLANG_WARN_CONSTANT_CONVERSION = YES;
				CLANG_WARN_DEPRECATED_OBJC_IMPLEMENTATIONS = YES;
				CLANG_WARN_DIRECT_OBJC_ISA_USAGE = YES_ERROR;
				CLANG_WARN_DOCUMENTATION_COMMENTS = YES;
				CLANG_WARN_EMPTY_BODY = YES;
				CLANG_WARN_ENUM_CONVERSION = YES;
				CLANG_WARN_INFINITE_RECURSION = YES;
				CLANG_WARN_INT_CONVERSION = YES;
				CLANG_WARN_NON_LITERAL_NULL_CONVERSION = YES;
				CLANG_WARN_OBJC_IMPLICIT_RETAIN_SELF = YES;
				CLANG_WARN_OBJC_LITERAL_CONVERSION = YES;
				CLANG_WARN_OBJC_ROOT_CLASS = YES_ERROR;
				CLANG_WARN_QUOTED_INCLUDE_IN_FRAMEWORK_HEADER = YES;
				CLANG_WARN_RANGE_LOOP_ANALYSIS = YES;
				CLANG_WARN_STRICT_PROTOTYPES = YES;
				CLANG_WARN_SUSPICIOUS_MOVE = YES;
				CLANG_WARN_UNGUARDED_AVAILABILITY = YES_AGGRESSIVE;
				CLANG_WARN_UNREACHABLE_CODE = YES;
				CLANG_WARN__DUPLICATE_METHOD_MATCH = YES;
				COPY_PHASE_STRIP = NO;
				DEBUG_INFORMATION_FORMAT = dwarf;
				ENABLE_STRICT_OBJC_MSGSEND = YES;
				ENABLE_TESTABILITY = YES;
				GCC_C_LANGUAGE_STANDARD = gnu11;
				GCC_DYNAMIC_NO_PIC = NO;
				GCC_NO_COMMON_BLOCKS = YES;
				GCC_OPTIMIZATION_LEVEL = 0;
				GCC_PREPROCESSOR_DEFINITIONS = (
					"DEBUG=1",
					"$(inherited)",
				);
				GCC_WARN_64_TO_32_BIT_CONVERSION = YES;
				GCC_WARN_ABOUT_RETURN_TYPE = YES_ERROR;
				GCC_WARN_UNDECLARED_SELECTOR = YES;
				GCC_WARN_UNINITIALIZED_AUTOS = YES_AGGRESSIVE;
				GCC_WARN_UNUSED_FUNCTION = YES;
				GCC_WARN_UNUSED_VARIABLE = YES;
				IPHONEOS_DEPLOYMENT_TARGET = 14.5;
				MTL_ENABLE_DEBUG_INFO = INCLUDE_SOURCE;
				MTL_FAST_MATH = YES;
				ONLY_ACTIVE_ARCH = YES;
				SDKROOT = iphoneos;
				SWIFT_ACTIVE_COMPILATION_CONDITIONS = DEBUG;
				SWIFT_OPTIMIZATION_LEVEL = "-Onone";
			};
			name = Debug;
		};
		057CAEC426D0F2D500196C39 /* Release */ = {
			isa = XCBuildConfiguration;
			buildSettings = {
				ALWAYS_SEARCH_USER_PATHS = NO;
				CLANG_ANALYZER_NONNULL = YES;
				CLANG_ANALYZER_NUMBER_OBJECT_CONVERSION = YES_AGGRESSIVE;
				CLANG_CXX_LANGUAGE_STANDARD = "gnu++14";
				CLANG_CXX_LIBRARY = "libc++";
				CLANG_ENABLE_MODULES = YES;
				CLANG_ENABLE_OBJC_ARC = YES;
				CLANG_ENABLE_OBJC_WEAK = YES;
				CLANG_WARN_BLOCK_CAPTURE_AUTORELEASING = YES;
				CLANG_WARN_BOOL_CONVERSION = YES;
				CLANG_WARN_COMMA = YES;
				CLANG_WARN_CONSTANT_CONVERSION = YES;
				CLANG_WARN_DEPRECATED_OBJC_IMPLEMENTATIONS = YES;
				CLANG_WARN_DIRECT_OBJC_ISA_USAGE = YES_ERROR;
				CLANG_WARN_DOCUMENTATION_COMMENTS = YES;
				CLANG_WARN_EMPTY_BODY = YES;
				CLANG_WARN_ENUM_CONVERSION = YES;
				CLANG_WARN_INFINITE_RECURSION = YES;
				CLANG_WARN_INT_CONVERSION = YES;
				CLANG_WARN_NON_LITERAL_NULL_CONVERSION = YES;
				CLANG_WARN_OBJC_IMPLICIT_RETAIN_SELF = YES;
				CLANG_WARN_OBJC_LITERAL_CONVERSION = YES;
				CLANG_WARN_OBJC_ROOT_CLASS = YES_ERROR;
				CLANG_WARN_QUOTED_INCLUDE_IN_FRAMEWORK_HEADER = YES;
				CLANG_WARN_RANGE_LOOP_ANALYSIS = YES;
				CLANG_WARN_STRICT_PROTOTYPES = YES;
				CLANG_WARN_SUSPICIOUS_MOVE = YES;
				CLANG_WARN_UNGUARDED_AVAILABILITY = YES_AGGRESSIVE;
				CLANG_WARN_UNREACHABLE_CODE = YES;
				CLANG_WARN__DUPLICATE_METHOD_MATCH = YES;
				COPY_PHASE_STRIP = NO;
				DEBUG_INFORMATION_FORMAT = "dwarf-with-dsym";
				ENABLE_NS_ASSERTIONS = NO;
				ENABLE_STRICT_OBJC_MSGSEND = YES;
				GCC_C_LANGUAGE_STANDARD = gnu11;
				GCC_NO_COMMON_BLOCKS = YES;
				GCC_WARN_64_TO_32_BIT_CONVERSION = YES;
				GCC_WARN_ABOUT_RETURN_TYPE = YES_ERROR;
				GCC_WARN_UNDECLARED_SELECTOR = YES;
				GCC_WARN_UNINITIALIZED_AUTOS = YES_AGGRESSIVE;
				GCC_WARN_UNUSED_FUNCTION = YES;
				GCC_WARN_UNUSED_VARIABLE = YES;
				IPHONEOS_DEPLOYMENT_TARGET = 14.5;
				MTL_ENABLE_DEBUG_INFO = NO;
				MTL_FAST_MATH = YES;
				SDKROOT = iphoneos;
				SWIFT_COMPILATION_MODE = wholemodule;
				SWIFT_OPTIMIZATION_LEVEL = "-O";
				VALIDATE_PRODUCT = YES;
			};
			name = Release;
		};
		057CAEC626D0F2D500196C39 /* Debug */ = {
			isa = XCBuildConfiguration;
			buildSettings = {
				ASSETCATALOG_COMPILER_APPICON_NAME = AppIcon;
				ASSETCATALOG_COMPILER_GLOBAL_ACCENT_COLOR_NAME = AccentColor;
				CODE_SIGN_STYLE = Automatic;
				DEVELOPMENT_TEAM = 2WCCH2ST87;
				INFOPLIST_FILE = Cong2so/Info.plist;
				LD_RUNPATH_SEARCH_PATHS = (
					"$(inherited)",
					"@executable_path/Frameworks",
				);
				PRODUCT_BUNDLE_IDENTIFIER = com.Plus2.Cong2so;
				PRODUCT_NAME = "$(TARGET_NAME)";
				SWIFT_VERSION = 5.0;
				TARGETED_DEVICE_FAMILY = "1,2";
			};
			name = Debug;
		};
		057CAEC726D0F2D500196C39 /* Release */ = {
			isa = XCBuildConfiguration;
			buildSettings = {
				ASSETCATALOG_COMPILER_APPICON_NAME = AppIcon;
				ASSETCATALOG_COMPILER_GLOBAL_ACCENT_COLOR_NAME = AccentColor;
				CODE_SIGN_STYLE = Automatic;
				DEVELOPMENT_TEAM = 2WCCH2ST87;
				INFOPLIST_FILE = Cong2so/Info.plist;
				LD_RUNPATH_SEARCH_PATHS = (
					"$(inherited)",
					"@executable_path/Frameworks",
				);
				PRODUCT_BUNDLE_IDENTIFIER = com.Plus2.Cong2so;
				PRODUCT_NAME = "$(TARGET_NAME)";
				SWIFT_VERSION = 5.0;
				TARGETED_DEVICE_FAMILY = "1,2";
			};
			name = Release;
		};
/* End XCBuildConfiguration section */

/* Begin XCConfigurationList section */
		057CAEAC26D0F2D300196C39 /* Build configuration list for PBXProject "Cong2so" */ = {
			isa = XCConfigurationList;
			buildConfigurations = (
				057CAEC326D0F2D500196C39 /* Debug */,
				057CAEC426D0F2D500196C39 /* Release */,
			);
			defaultConfigurationIsVisible = 0;
			defaultConfigurationName = Release;
		};
		057CAEC526D0F2D500196C39 /* Build configuration list for PBXNativeTarget "Cong2so" */ = {
			isa = XCConfigurationList;
			buildConfigurations = (
				057CAEC626D0F2D500196C39 /* Debug */,
				057CAEC726D0F2D500196C39 /* Release */,
			);
			defaultConfigurationIsVisible = 0;
			defaultConfigurationName = Release;
		};
/* End XCConfigurationList section */
	};
	rootObject = 057CAEA926D0F2D300196C39 /* Project object */;
}
